
Microsoft Visual Studio Solution File, Format Version 12.00
# Visual Studio Version 17
VisualStudioVersion = 17.13.35818.85 d17.13
MinimumVisualStudioVersion = 10.0.40219.1
Project("{FAE04EC0-301F-11D3-BF4B-00C04F79EFBC}") = "FileOrganizer", "FileOrganizer\FileOrganizer.csproj", "{58659356-5403-480F-B381-B789BBFCE187}"
EndProject
Global
	GlobalSection(SolutionConfigurationPlatforms) = preSolution
		Debug|Any CPU = Debug|Any CPU
		Release|Any CPU = Release|Any CPU
	EndGlobalSection
	GlobalSection(ProjectConfigurationPlatforms) = postSolution
		{58659356-5403-480F-B381-B789BBFCE187}.Debug|Any CPU.ActiveCfg = Debug|Any CPU
		{58659356-5403-480F-B381-B789BBFCE187}.Debug|Any CPU.Build.0 = Debug|Any CPU
		{58659356-5403-480F-B381-B789BBFCE187}.Release|Any CPU.ActiveCfg = Release|Any CPU
		{58659356-5403-480F-B381-B789BBFCE187}.Release|Any CPU.Build.0 = Release|Any CPU
	EndGlobalSection
	GlobalSection(SolutionProperties) = preSolution
		HideSolutionNode = FALSE
	EndGlobalSection
	GlobalSection(ExtensibilityGlobals) = postSolution
		SolutionGuid = {2E659945-F012-448E-B32B-B3B36EF3DA52}
	EndGlobalSection
EndGlobal
